
Microsoft Visual Studio Solution File, Format Version 12.00
# Visual Studio Version 17
VisualStudioVersion = 17.1.32328.378
MinimumVisualStudioVersion = 10.0.40219.1
Project("{FAE04EC0-301F-11D3-BF4B-00C04F79EFBC}") = "Entities", "Entities\Entities.csproj", "{75E3FECE-CF6F-4205-B30B-60E9767C9083}"
EndProject
Project("{FAE04EC0-301F-11D3-BF4B-00C04F79EFBC}") = "DataAccessLayer", "DataAccessLayer\DataAccessLayer.csproj", "{3B66252E-D669-4F46-8E20-D7AB83A449C0}"
EndProject
Project("{FAE04EC0-301F-11D3-BF4B-00C04F79EFBC}") = "BusinessLayer", "BusinessLayer\BusinessLayer.csproj", "{DDAF215A-0D00-4753-8F6C-567DACE524B6}"
EndProject
Project("{FAE04EC0-301F-11D3-BF4B-00C04F79EFBC}") = "MvCViewUI", "MvCViewUI\MvCViewUI.csproj", "{93F20C1D-80EA-46D9-9A3F-41B4B72CD816}"
EndProject
Project("{FAE04EC0-301F-11D3-BF4B-00C04F79EFBC}") = "MvcAPI", "MvcAPI\MvcAPI.csproj", "{77A5560C-B362-4757-854A-6B4F1909CA1A}"
EndProject
Project("{FAE04EC0-301F-11D3-BF4B-00C04F79EFBC}") = "CoreLayer", "CoreLayer\CoreLayer.csproj", "{410EE7E8-6270-43FD-B2CA-AC370853AB67}"
EndProject
Global
	GlobalSection(SolutionConfigurationPlatforms) = preSolution
		Debug|Any CPU = Debug|Any CPU
		Release|Any CPU = Release|Any CPU
	EndGlobalSection
	GlobalSection(ProjectConfigurationPlatforms) = postSolution
		{75E3FECE-CF6F-4205-B30B-60E9767C9083}.Debug|Any CPU.ActiveCfg = Debug|Any CPU
		{75E3FECE-CF6F-4205-B30B-60E9767C9083}.Debug|Any CPU.Build.0 = Debug|Any CPU
		{75E3FECE-CF6F-4205-B30B-60E9767C9083}.Release|Any CPU.ActiveCfg = Release|Any CPU
		{75E3FECE-CF6F-4205-B30B-60E9767C9083}.Release|Any CPU.Build.0 = Release|Any CPU
		{3B66252E-D669-4F46-8E20-D7AB83A449C0}.Debug|Any CPU.ActiveCfg = Debug|Any CPU
		{3B66252E-D669-4F46-8E20-D7AB83A449C0}.Debug|Any CPU.Build.0 = Debug|Any CPU
		{3B66252E-D669-4F46-8E20-D7AB83A449C0}.Release|Any CPU.ActiveCfg = Release|Any CPU
		{3B66252E-D669-4F46-8E20-D7AB83A449C0}.Release|Any CPU.Build.0 = Release|Any CPU
		{DDAF215A-0D00-4753-8F6C-567DACE524B6}.Debug|Any CPU.ActiveCfg = Debug|Any CPU
		{DDAF215A-0D00-4753-8F6C-567DACE524B6}.Debug|Any CPU.Build.0 = Debug|Any CPU
		{DDAF215A-0D00-4753-8F6C-567DACE524B6}.Release|Any CPU.ActiveCfg = Release|Any CPU
		{DDAF215A-0D00-4753-8F6C-567DACE524B6}.Release|Any CPU.Build.0 = Release|Any CPU
		{93F20C1D-80EA-46D9-9A3F-41B4B72CD816}.Debug|Any CPU.ActiveCfg = Debug|Any CPU
		{93F20C1D-80EA-46D9-9A3F-41B4B72CD816}.Debug|Any CPU.Build.0 = Debug|Any CPU
		{93F20C1D-80EA-46D9-9A3F-41B4B72CD816}.Release|Any CPU.ActiveCfg = Release|Any CPU
		{93F20C1D-80EA-46D9-9A3F-41B4B72CD816}.Release|Any CPU.Build.0 = Release|Any CPU
		{77A5560C-B362-4757-854A-6B4F1909CA1A}.Debug|Any CPU.ActiveCfg = Debug|Any CPU
		{77A5560C-B362-4757-854A-6B4F1909CA1A}.Debug|Any CPU.Build.0 = Debug|Any CPU
		{77A5560C-B362-4757-854A-6B4F1909CA1A}.Release|Any CPU.ActiveCfg = Release|Any CPU
		{77A5560C-B362-4757-854A-6B4F1909CA1A}.Release|Any CPU.Build.0 = Release|Any CPU
		{410EE7E8-6270-43FD-B2CA-AC370853AB67}.Debug|Any CPU.ActiveCfg = Debug|Any CPU
		{410EE7E8-6270-43FD-B2CA-AC370853AB67}.Debug|Any CPU.Build.0 = Debug|Any CPU
		{410EE7E8-6270-43FD-B2CA-AC370853AB67}.Release|Any CPU.ActiveCfg = Release|Any CPU
		{410EE7E8-6270-43FD-B2CA-AC370853AB67}.Release|Any CPU.Build.0 = Release|Any CPU
	EndGlobalSection
	GlobalSection(SolutionProperties) = preSolution
		HideSolutionNode = FALSE
	EndGlobalSection
	GlobalSection(ExtensibilityGlobals) = postSolution
		SolutionGuid = {3E9BE43A-71F6-48BE-B07D-875F34EC3F30}
	EndGlobalSection
EndGlobal
